
Microsoft Visual Studio Solution File, Format Version 12.00
# Visual Studio Version 16
VisualStudioVersion = 16.0.33920.266
MinimumVisualStudioVersion = 10.0.40219.1
Project("{FAE04EC0-301F-11D3-BF4B-00C04F79EFBC}") = "CapaPresentacion", "CapaPresentacion\CapaPresentacion.csproj", "{CCF0DE67-A570-46B3-8648-BA95C258D074}"
EndProject
Project("{FAE04EC0-301F-11D3-BF4B-00C04F79EFBC}") = "CapaEntidad", "CapaEntidad\CapaEntidad.csproj", "{FD63873B-E495-4F56-BC14-D25419866659}"
EndProject
Project("{FAE04EC0-301F-11D3-BF4B-00C04F79EFBC}") = "CapaDatos", "CapaDatos\CapaDatos.csproj", "{408713E2-2A9D-4BD5-BDED-6BAA0FBF1CB1}"
EndProject
Project("{FAE04EC0-301F-11D3-BF4B-00C04F79EFBC}") = "CapaNegocio", "CapaNegocio\CapaNegocio.csproj", "{1387641C-1603-44C4-9CCC-6FA3D1FE314E}"
EndProject
Global
	GlobalSection(SolutionConfigurationPlatforms) = preSolution
		Debug|Any CPU = Debug|Any CPU
		Release|Any CPU = Release|Any CPU
	EndGlobalSection
	GlobalSection(ProjectConfigurationPlatforms) = postSolution
		{CCF0DE67-A570-46B3-8648-BA95C258D074}.Debug|Any CPU.ActiveCfg = Debug|Any CPU
		{CCF0DE67-A570-46B3-8648-BA95C258D074}.Debug|Any CPU.Build.0 = Debug|Any CPU
		{CCF0DE67-A570-46B3-8648-BA95C258D074}.Release|Any CPU.ActiveCfg = Release|Any CPU
		{CCF0DE67-A570-46B3-8648-BA95C258D074}.Release|Any CPU.Build.0 = Release|Any CPU
		{FD63873B-E495-4F56-BC14-D25419866659}.Debug|Any CPU.ActiveCfg = Debug|Any CPU
		{FD63873B-E495-4F56-BC14-D25419866659}.Debug|Any CPU.Build.0 = Debug|Any CPU
		{FD63873B-E495-4F56-BC14-D25419866659}.Release|Any CPU.ActiveCfg = Release|Any CPU
		{FD63873B-E495-4F56-BC14-D25419866659}.Release|Any CPU.Build.0 = Release|Any CPU
		{408713E2-2A9D-4BD5-BDED-6BAA0FBF1CB1}.Debug|Any CPU.ActiveCfg = Debug|Any CPU
		{408713E2-2A9D-4BD5-BDED-6BAA0FBF1CB1}.Debug|Any CPU.Build.0 = Debug|Any CPU
		{408713E2-2A9D-4BD5-BDED-6BAA0FBF1CB1}.Release|Any CPU.ActiveCfg = Release|Any CPU
		{408713E2-2A9D-4BD5-BDED-6BAA0FBF1CB1}.Release|Any CPU.Build.0 = Release|Any CPU
		{1387641C-1603-44C4-9CCC-6FA3D1FE314E}.Debug|Any CPU.ActiveCfg = Debug|Any CPU
		{1387641C-1603-44C4-9CCC-6FA3D1FE314E}.Debug|Any CPU.Build.0 = Debug|Any CPU
		{1387641C-1603-44C4-9CCC-6FA3D1FE314E}.Release|Any CPU.ActiveCfg = Release|Any CPU
		{1387641C-1603-44C4-9CCC-6FA3D1FE314E}.Release|Any CPU.Build.0 = Release|Any CPU
	EndGlobalSection
	GlobalSection(SolutionProperties) = preSolution
		HideSolutionNode = FALSE
	EndGlobalSection
	GlobalSection(ExtensibilityGlobals) = postSolution
		SolutionGuid = {7B96B5A2-4BEF-4737-BB3B-FEF0D1F8CAEB}
	EndGlobalSection
EndGlobal
